
Microsoft Visual Studio Solution File, Format Version 12.00
# Visual Studio Version 17
VisualStudioVersion = 17.4.33103.184
MinimumVisualStudioVersion = 10.0.40219.1
Project("{FAE04EC0-301F-11D3-BF4B-00C04F79EFBC}") = "SanitizerTemplate", "SanitizerTemplate.csproj", "{591977A7-A241-4A74-A1FD-754608961077}"
EndProject
Global
	GlobalSection(SolutionConfigurationPlatforms) = preSolution
		Debug|Any CPU = Debug|Any CPU
		Release|Any CPU = Release|Any CPU
	EndGlobalSection
	GlobalSection(ProjectConfigurationPlatforms) = postSolution
		{591977A7-A241-4A74-A1FD-754608961077}.Debug|Any CPU.ActiveCfg = Debug|Any CPU
		{591977A7-A241-4A74-A1FD-754608961077}.Debug|Any CPU.Build.0 = Debug|Any CPU
		{591977A7-A241-4A74-A1FD-754608961077}.Release|Any CPU.ActiveCfg = Release|Any CPU
		{591977A7-A241-4A74-A1FD-754608961077}.Release|Any CPU.Build.0 = Release|Any CPU
	EndGlobalSection
	GlobalSection(SolutionProperties) = preSolution
		HideSolutionNode = FALSE
	EndGlobalSection
	GlobalSection(ExtensibilityGlobals) = postSolution
		SolutionGuid = {BBDB6C4B-135F-4875-AB61-D8B657547992}
	EndGlobalSection
EndGlobal
